
Microsoft Visual Studio Solution File, Format Version 12.00
# Visual Studio Version 17
VisualStudioVersion = 17.9.34622.214
MinimumVisualStudioVersion = 10.0.40219.1
Project("{9A19103F-16F7-4668-BE54-9A1E7A4F7556}") = "TeamFinderAPI", "..\TeamFinderAPI\TeamFinderAPI.csproj", "{D6716F5A-F60A-4893-B3F2-59EE377AC8DC}"
EndProject
Project("{9A19103F-16F7-4668-BE54-9A1E7A4F7556}") = "TeamFinderModels", "..\TeamFinderModels\TeamFinderModels.csproj", "{2881AA41-0CE0-42B9-B562-4536D6526A38}"
EndProject
Project("{FAE04EC0-301F-11D3-BF4B-00C04F79EFBC}") = "TeamFinderRepository", "..\TeamFinderRepository\TeamFinderRepository.csproj", "{7EFB8642-6A1E-4475-9A6E-865090BFDD24}"
EndProject
Project("{FAE04EC0-301F-11D3-BF4B-00C04F79EFBC}") = "TeamFinderDataAccess", "..\TeamFinderDataAccess\TeamFinderDataAccess.csproj", "{CD9909FD-042E-4D17-B2FE-2E4F29BD4E59}"
EndProject
Global
	GlobalSection(SolutionConfigurationPlatforms) = preSolution
		Debug|Any CPU = Debug|Any CPU
		Release|Any CPU = Release|Any CPU
	EndGlobalSection
	GlobalSection(ProjectConfigurationPlatforms) = postSolution
		{D6716F5A-F60A-4893-B3F2-59EE377AC8DC}.Debug|Any CPU.ActiveCfg = Debug|Any CPU
		{D6716F5A-F60A-4893-B3F2-59EE377AC8DC}.Debug|Any CPU.Build.0 = Debug|Any CPU
		{D6716F5A-F60A-4893-B3F2-59EE377AC8DC}.Release|Any CPU.ActiveCfg = Release|Any CPU
		{D6716F5A-F60A-4893-B3F2-59EE377AC8DC}.Release|Any CPU.Build.0 = Release|Any CPU
		{2881AA41-0CE0-42B9-B562-4536D6526A38}.Debug|Any CPU.ActiveCfg = Debug|Any CPU
		{2881AA41-0CE0-42B9-B562-4536D6526A38}.Debug|Any CPU.Build.0 = Debug|Any CPU
		{2881AA41-0CE0-42B9-B562-4536D6526A38}.Release|Any CPU.ActiveCfg = Release|Any CPU
		{2881AA41-0CE0-42B9-B562-4536D6526A38}.Release|Any CPU.Build.0 = Release|Any CPU
		{7EFB8642-6A1E-4475-9A6E-865090BFDD24}.Debug|Any CPU.ActiveCfg = Debug|Any CPU
		{7EFB8642-6A1E-4475-9A6E-865090BFDD24}.Debug|Any CPU.Build.0 = Debug|Any CPU
		{7EFB8642-6A1E-4475-9A6E-865090BFDD24}.Release|Any CPU.ActiveCfg = Release|Any CPU
		{7EFB8642-6A1E-4475-9A6E-865090BFDD24}.Release|Any CPU.Build.0 = Release|Any CPU
		{CD9909FD-042E-4D17-B2FE-2E4F29BD4E59}.Debug|Any CPU.ActiveCfg = Debug|Any CPU
		{CD9909FD-042E-4D17-B2FE-2E4F29BD4E59}.Debug|Any CPU.Build.0 = Debug|Any CPU
		{CD9909FD-042E-4D17-B2FE-2E4F29BD4E59}.Release|Any CPU.ActiveCfg = Release|Any CPU
		{CD9909FD-042E-4D17-B2FE-2E4F29BD4E59}.Release|Any CPU.Build.0 = Release|Any CPU
	EndGlobalSection
	GlobalSection(SolutionProperties) = preSolution
		HideSolutionNode = FALSE
	EndGlobalSection
	GlobalSection(ExtensibilityGlobals) = postSolution
		SolutionGuid = {7B52DBB9-8C1A-4507-9DC0-006BA87F2A60}
	EndGlobalSection
EndGlobal
